Microsoft Visual Studio Solution File, Format Version 12.00
# Visual Studio Version 17
VisualStudioVersion = 17.5.2.0
MinimumVisualStudioVersion = 10.0.40219.1
Project("{2150E333-8FDC-42A3-9474-1A3956D46DE8}") = "payment-service", "payment-service", "{8A753028-D84C-6DAA-E0CD-F2775330973A}"
EndProject
Project("{FAE04EC0-301F-11D3-BF4B-00C04F79EFBC}") = "PaymentService", "payment-service\PaymentService.csproj", "{B743EE09-5ACB-B138-BA78-8BF80A2954F0}"
EndProject
Global
	GlobalSection(SolutionConfigurationPlatforms) = preSolution
		Debug|Any CPU = Debug|Any CPU
		Release|Any CPU = Release|Any CPU
	EndGlobalSection
	GlobalSection(ProjectConfigurationPlatforms) = postSolution
		{B743EE09-5ACB-B138-BA78-8BF80A2954F0}.Debug|Any CPU.ActiveCfg = Debug|Any CPU
		{B743EE09-5ACB-B138-BA78-8BF80A2954F0}.Debug|Any CPU.Build.0 = Debug|Any CPU
		{B743EE09-5ACB-B138-BA78-8BF80A2954F0}.Release|Any CPU.ActiveCfg = Release|Any CPU
		{B743EE09-5ACB-B138-BA78-8BF80A2954F0}.Release|Any CPU.Build.0 = Release|Any CPU
	EndGlobalSection
	GlobalSection(SolutionProperties) = preSolution
		HideSolutionNode = FALSE
	EndGlobalSection
	GlobalSection(NestedProjects) = preSolution
		{B743EE09-5ACB-B138-BA78-8BF80A2954F0} = {8A753028-D84C-6DAA-E0CD-F2775330973A}
	EndGlobalSection
	GlobalSection(ExtensibilityGlobals) = postSolution
		SolutionGuid = {2F9CCEF3-F9D1-4449-886F-A5047934BD9A}
	EndGlobalSection
EndGlobal
